// !$*UTF8*$!
{
	archiveVersion = 1;
	classes = {
	};
	objectVersion = 56;
	objects = {

/* Begin PBXBuildFile section */
		7979FF492BBDDB9300207A44 /* SwiftUIXPCExampleApp.swift in Sources */ = {isa = PBXBuildFile; fileRef = 7979FF482BBDDB9300207A44 /* SwiftUIXPCExampleApp.swift */; };
		7979FF4B2BBDDB9300207A44 /* ContentView.swift in Sources */ = {isa = PBXBuildFile; fileRef = 7979FF4A2BBDDB9300207A44 /* ContentView.swift */; };
		7979FF4D2BBDDB9400207A44 /* Assets.xcassets in Resources */ = {isa = PBXBuildFile; fileRef = 7979FF4C2BBDDB9400207A44 /* Assets.xcassets */; };
		7979FF512BBDDB9400207A44 /* Preview Assets.xcassets in Resources */ = {isa = PBXBuildFile; fileRef = 7979FF502BBDDB9400207A44 /* Preview Assets.xcassets */; };
		7979FF632BBDE02700207A44 /* XPCSupport in Frameworks */ = {isa = PBXBuildFile; productRef = 7979FF622BBDE02700207A44 /* XPCSupport */; };
		7979FF692BBDE69300207A44 /* StringManipulation.xpc in Embed XPC Services */ = {isa = PBXBuildFile; fileRef = 7979FF682BBDE69300207A44 /* StringManipulation.xpc */; settings = {ATTRIBUTES = (RemoveHeadersOnCopy, ); }; };
/* End PBXBuildFile section */

/* Begin PBXCopyFilesBuildPhase section */
		7979FF662BBDE02700207A44 /* Embed XPC Services */ = {
			isa = PBXCopyFilesBuildPhase;
			buildActionMask = 2147483647;
			dstPath = "$(CONTENTS_FOLDER_PATH)/XPCServices";
			dstSubfolderSpec = 16;
			files = (
				7979FF692BBDE69300207A44 /* StringManipulation.xpc in Embed XPC Services */,
			);
			name = "Embed XPC Services";
			runOnlyForDeploymentPostprocessing = 0;
		};
/* End PBXCopyFilesBuildPhase section */

/* Begin PBXFileReference section */
		7979FF452BBDDB9300207A44 /* SwiftUIXPCExample.app */ = {isa = PBXFileReference; explicitFileType = wrapper.application; includeInIndex = 0; path = SwiftUIXPCExample.app; sourceTree = BUILT_PRODUCTS_DIR; };
		7979FF482BBDDB9300207A44 /* SwiftUIXPCExampleApp.swift */ = {isa = PBXFileReference; lastKnownFileType = sourcecode.swift; path = SwiftUIXPCExampleApp.swift; sourceTree = "<group>"; };
		7979FF4A2BBDDB9300207A44 /* ContentView.swift */ = {isa = PBXFileReference; lastKnownFileType = sourcecode.swift; path = ContentView.swift; sourceTree = "<group>"; };
		7979FF4C2BBDDB9400207A44 /* Assets.xcassets */ = {isa = PBXFileReference; lastKnownFileType = folder.assetcatalog; path = Assets.xcassets; sourceTree = "<group>"; };
		7979FF4E2BBDDB9400207A44 /* SwiftUIXPCExample.entitlements */ = {isa = PBXFileReference; lastKnownFileType = text.plist.entitlements; path = SwiftUIXPCExample.entitlements; sourceTree = "<group>"; };
		7979FF502BBDDB9400207A44 /* Preview Assets.xcassets */ = {isa = PBXFileReference; lastKnownFileType = folder.assetcatalog; path = "Preview Assets.xcassets"; sourceTree = "<group>"; };
		7979FF602BBDE01B00207A44 /* Info.plist */ = {isa = PBXFileReference; lastKnownFileType = text.plist; path = Info.plist; sourceTree = "<group>"; };
		7979FF682BBDE69300207A44 /* StringManipulation.xpc */ = {isa = PBXFileReference; explicitFileType = "wrapper.xpc-service"; path = StringManipulation.xpc; sourceTree = BUILT_PRODUCTS_DIR; };
/* End PBXFileReference section */

/* Begin PBXFrameworksBuildPhase section */
		7979FF422BBDDB9300207A44 /* Frameworks */ = {
			isa = PBXFrameworksBuildPhase;
			buildActionMask = 2147483647;
			files = (
				7979FF632BBDE02700207A44 /* XPCSupport in Frameworks */,
			);
			runOnlyForDeploymentPostprocessing = 0;
		};
/* End PBXFrameworksBuildPhase section */

/* Begin PBXGroup section */
		7979FF3C2BBDDB9300207A44 = {
			isa = PBXGroup;
			children = (
				7979FF472BBDDB9300207A44 /* SwiftUIXPCExample */,
				7979FF462BBDDB9300207A44 /* Products */,
				7979FF672BBDE69300207A44 /* Frameworks */,
			);
			sourceTree = "<group>";
		};
		7979FF462BBDDB9300207A44 /* Products */ = {
			isa = PBXGroup;
			children = (
				7979FF452BBDDB9300207A44 /* SwiftUIXPCExample.app */,
			);
			name = Products;
			sourceTree = "<group>";
		};
		7979FF472BBDDB9300207A44 /* SwiftUIXPCExample */ = {
			isa = PBXGroup;
			children = (
				7979FF602BBDE01B00207A44 /* Info.plist */,
				7979FF482BBDDB9300207A44 /* SwiftUIXPCExampleApp.swift */,
				7979FF4A2BBDDB9300207A44 /* ContentView.swift */,
				7979FF4C2BBDDB9400207A44 /* Assets.xcassets */,
				7979FF4E2BBDDB9400207A44 /* SwiftUIXPCExample.entitlements */,
				7979FF4F2BBDDB9400207A44 /* Preview Content */,
			);
			path = SwiftUIXPCExample;
			sourceTree = "<group>";
		};
		7979FF4F2BBDDB9400207A44 /* Preview Content */ = {
			isa = PBXGroup;
			children = (
				7979FF502BBDDB9400207A44 /* Preview Assets.xcassets */,
			);
			path = "Preview Content";
			sourceTree = "<group>";
		};
		7979FF672BBDE69300207A44 /* Frameworks */ = {
			isa = PBXGroup;
			children = (
				7979FF682BBDE69300207A44 /* StringManipulation.xpc */,
			);
			name = Frameworks;
			sourceTree = "<group>";
		};
/* End PBXGroup section */

/* Begin PBXNativeTarget section */
		7979FF442BBDDB9300207A44 /* SwiftUIXPCExample */ = {
			isa = PBXNativeTarget;
			buildConfigurationList = 7979FF542BBDDB9400207A44 /* Build configuration list for PBXNativeTarget "SwiftUIXPCExample" */;
			buildPhases = (
				7979FF412BBDDB9300207A44 /* Sources */,
				7979FF422BBDDB9300207A44 /* Frameworks */,
				7979FF432BBDDB9300207A44 /* Resources */,
				7979FF662BBDE02700207A44 /* Embed XPC Services */,
			);
			buildRules = (
			);
			dependencies = (
			);
			name = SwiftUIXPCExample;
			packageProductDependencies = (
				7979FF622BBDE02700207A44 /* XPCSupport */,
			);
			productName = SwiftUIXPCExample;
			productReference = 7979FF452BBDDB9300207A44 /* SwiftUIXPCExample.app */;
			productType = "com.apple.product-type.application";
		};
/* End PBXNativeTarget section */

/* Begin PBXProject section */
		7979FF3D2BBDDB9300207A44 /* Project object */ = {
			isa = PBXProject;
			attributes = {
				BuildIndependentTargetsInParallel = 1;
				LastSwiftUpdateCheck = 1530;
				LastUpgradeCheck = 1530;
				TargetAttributes = {
					7979FF442BBDDB9300207A44 = {
						CreatedOnToolsVersion = 15.3;
					};
				};
			};
			buildConfigurationList = 7979FF402BBDDB9300207A44 /* Build configuration list for PBXProject "SwiftUIXPCExample" */;
			compatibilityVersion = "Xcode 14.0";
			developmentRegion = en;
			hasScannedForEncodings = 0;
			knownRegions = (
				en,
				Base,
			);
			mainGroup = 7979FF3C2BBDDB9300207A44;
			productRefGroup = 7979FF462BBDDB9300207A44 /* Products */;
			projectDirPath = "";
			projectRoot = "";
			targets = (
				7979FF442BBDDB9300207A44 /* SwiftUIXPCExample */,
			);
		};
/* End PBXProject section */

/* Begin PBXResourcesBuildPhase section */
		7979FF432BBDDB9300207A44 /* Resources */ = {
			isa = PBXResourcesBuildPhase;
			buildActionMask = 2147483647;
			files = (
				7979FF512BBDDB9400207A44 /* Preview Assets.xcassets in Resources */,
				7979FF4D2BBDDB9400207A44 /* Assets.xcassets in Resources */,
			);
			runOnlyForDeploymentPostprocessing = 0;
		};
/* End PBXResourcesBuildPhase section */

/* Begin PBXSourcesBuildPhase section */
		7979FF412BBDDB9300207A44 /* Sources */ = {
			isa = PBXSourcesBuildPhase;
			buildActionMask = 2147483647;
			files = (
				7979FF4B2BBDDB9300207A44 /* ContentView.swift in Sources */,
				7979FF492BBDDB9300207A44 /* SwiftUIXPCExampleApp.swift in Sources */,
			);
			runOnlyForDeploymentPostprocessing = 0;
		};
/* End PBXSourcesBuildPhase section */

/* Begin XCBuildConfiguration section */
		7979FF522BBDDB9400207A44 /* Debug */ = {
			isa = XCBuildConfiguration;
			buildSettings = {
				ALWAYS_SEARCH_USER_PATHS = NO;
				ASSETCATALOG_COMPILER_GENERATE_SWIFT_ASSET_SYMBOL_EXTENSIONS = YES;
				CLANG_ANALYZER_NONNULL = YES;
				CLANG_ANALYZER_NUMBER_OBJECT_CONVERSION = YES_AGGRESSIVE;
				CLANG_CXX_LANGUAGE_STANDARD = "gnu++20";
				CLANG_ENABLE_MODULES = YES;
				CLANG_ENABLE_OBJC_ARC = YES;
				CLANG_ENABLE_OBJC_WEAK = YES;
				CLANG_WARN_BLOCK_CAPTURE_AUTORELEASING = YES;
				CLANG_WARN_BOOL_CONVERSION = YES;
				CLANG_WARN_COMMA = YES;
				CLANG_WARN_CONSTANT_CONVERSION = YES;
				CLANG_WARN_DEPRECATED_OBJC_IMPLEMENTATIONS = YES;
				CLANG_WARN_DIRECT_OBJC_ISA_USAGE = YES_ERROR;
				CLANG_WARN_DOCUMENTATION_COMMENTS = YES;
				CLANG_WARN_EMPTY_BODY = YES;
				CLANG_WARN_ENUM_CONVERSION = YES;
				CLANG_WARN_INFINITE_RECURSION = YES;
				CLANG_WARN_INT_CONVERSION = YES;
				CLANG_WARN_NON_LITERAL_NULL_CONVERSION = YES;
				CLANG_WARN_OBJC_IMPLICIT_RETAIN_SELF = YES;
				CLANG_WARN_OBJC_LITERAL_CONVERSION = YES;
				CLANG_WARN_OBJC_ROOT_CLASS = YES_ERROR;
				CLANG_WARN_QUOTED_INCLUDE_IN_FRAMEWORK_HEADER = YES;
				CLANG_WARN_RANGE_LOOP_ANALYSIS = YES;
				CLANG_WARN_STRICT_PROTOTYPES = YES;
				CLANG_WARN_SUSPICIOUS_MOVE = YES;
				CLANG_WARN_UNGUARDED_AVAILABILITY = YES_AGGRESSIVE;
				CLANG_WARN_UNREACHABLE_CODE = YES;
				CLANG_WARN__DUPLICATE_METHOD_MATCH = YES;
				COPY_PHASE_STRIP = NO;
				DEBUG_INFORMATION_FORMAT = dwarf;
				ENABLE_STRICT_OBJC_MSGSEND = YES;
				ENABLE_TESTABILITY = YES;
				ENABLE_USER_SCRIPT_SANDBOXING = YES;
				GCC_C_LANGUAGE_STANDARD = gnu17;
				GCC_DYNAMIC_NO_PIC = NO;
				GCC_NO_COMMON_BLOCKS = YES;
				GCC_OPTIMIZATION_LEVEL = 0;
				GCC_PREPROCESSOR_DEFINITIONS = (
					"DEBUG=1",
					"$(inherited)",
				);
				GCC_WARN_64_TO_32_BIT_CONVERSION = YES;
				GCC_WARN_ABOUT_RETURN_TYPE = YES_ERROR;
				GCC_WARN_UNDECLARED_SELECTOR = YES;
				GCC_WARN_UNINITIALIZED_AUTOS = YES_AGGRESSIVE;
				GCC_WARN_UNUSED_FUNCTION = YES;
				GCC_WARN_UNUSED_VARIABLE = YES;
				LOCALIZATION_PREFERS_STRING_CATALOGS = YES;
				MACOSX_DEPLOYMENT_TARGET = 11.0;
				MTL_ENABLE_DEBUG_INFO = INCLUDE_SOURCE;
				MTL_FAST_MATH = YES;
				ONLY_ACTIVE_ARCH = YES;
				SWIFT_ACTIVE_COMPILATION_CONDITIONS = "DEBUG $(inherited)";
				SWIFT_OPTIMIZATION_LEVEL = "-Onone";
			};
			name = Debug;
		};
		7979FF532BBDDB9400207A44 /* Release */ = {
			isa = XCBuildConfiguration;
			buildSettings = {
				ALWAYS_SEARCH_USER_PATHS = NO;
				ASSETCATALOG_COMPILER_GENERATE_SWIFT_ASSET_SYMBOL_EXTENSIONS = YES;
				CLANG_ANALYZER_NONNULL = YES;
				CLANG_ANALYZER_NUMBER_OBJECT_CONVERSION = YES_AGGRESSIVE;
				CLANG_CXX_LANGUAGE_STANDARD = "gnu++20";
				CLANG_ENABLE_MODULES = YES;
				CLANG_ENABLE_OBJC_ARC = YES;
				CLANG_ENABLE_OBJC_WEAK = YES;
				CLANG_WARN_BLOCK_CAPTURE_AUTORELEASING = YES;
				CLANG_WARN_BOOL_CONVERSION = YES;
				CLANG_WARN_COMMA = YES;
				CLANG_WARN_CONSTANT_CONVERSION = YES;
				CLANG_WARN_DEPRECATED_OBJC_IMPLEMENTATIONS = YES;
				CLANG_WARN_DIRECT_OBJC_ISA_USAGE = YES_ERROR;
				CLANG_WARN_DOCUMENTATION_COMMENTS = YES;
				CLANG_WARN_EMPTY_BODY = YES;
				CLANG_WARN_ENUM_CONVERSION = YES;
				CLANG_WARN_INFINITE_RECURSION = YES;
				CLANG_WARN_INT_CONVERSION = YES;
				CLANG_WARN_NON_LITERAL_NULL_CONVERSION = YES;
				CLANG_WARN_OBJC_IMPLICIT_RETAIN_SELF = YES;
				CLANG_WARN_OBJC_LITERAL_CONVERSION = YES;
				CLANG_WARN_OBJC_ROOT_CLASS = YES_ERROR;
				CLANG_WARN_QUOTED_INCLUDE_IN_FRAMEWORK_HEADER = YES;
				CLANG_WARN_RANGE_LOOP_ANALYSIS = YES;
				CLANG_WARN_STRICT_PROTOTYPES = YES;
				CLANG_WARN_SUSPICIOUS_MOVE = YES;
				CLANG_WARN_UNGUARDED_AVAILABILITY = YES_AGGRESSIVE;
				CLANG_WARN_UNREACHABLE_CODE = YES;
				CLANG_WARN__DUPLICATE_METHOD_MATCH = YES;
				COPY_PHASE_STRIP = NO;
				DEBUG_INFORMATION_FORMAT = "dwarf-with-dsym";
				ENABLE_NS_ASSERTIONS = NO;
				ENABLE_STRICT_OBJC_MSGSEND = YES;
				ENABLE_USER_SCRIPT_SANDBOXING = YES;
				GCC_C_LANGUAGE_STANDARD = gnu17;
				GCC_NO_COMMON_BLOCKS = YES;
				GCC_WARN_64_TO_32_BIT_CONVERSION = YES;
				GCC_WARN_ABOUT_RETURN_TYPE = YES_ERROR;
				GCC_WARN_UNDECLARED_SELECTOR = YES;
				GCC_WARN_UNINITIALIZED_AUTOS = YES_AGGRESSIVE;
				GCC_WARN_UNUSED_FUNCTION = YES;
				GCC_WARN_UNUSED_VARIABLE = YES;
				LOCALIZATION_PREFERS_STRING_CATALOGS = YES;
				MACOSX_DEPLOYMENT_TARGET = 11.0;
				MTL_ENABLE_DEBUG_INFO = NO;
				MTL_FAST_MATH = YES;
				SWIFT_COMPILATION_MODE = wholemodule;
			};
			name = Release;
		};
		7979FF552BBDDB9400207A44 /* Debug */ = {
			isa = XCBuildConfiguration;
			buildSettings = {
				ASSETCATALOG_COMPILER_APPICON_NAME = AppIcon;
				ASSETCATALOG_COMPILER_GLOBAL_ACCENT_COLOR_NAME = AccentColor;
				CODE_SIGN_ENTITLEMENTS = SwiftUIXPCExample/SwiftUIXPCExample.entitlements;
				CODE_SIGN_STYLE = Automatic;
				CURRENT_PROJECT_VERSION = 1;
				DEVELOPMENT_ASSET_PATHS = "\"SwiftUIXPCExample/Preview Content\"";
				DEVELOPMENT_TEAM = S6PH7FUNVK;
				ENABLE_HARDENED_RUNTIME = YES;
				ENABLE_PREVIEWS = YES;
				GENERATE_INFOPLIST_FILE = YES;
				INFOPLIST_FILE = SwiftUIXPCExample/Info.plist;
				INFOPLIST_KEY_NSHumanReadableCopyright = "Copyright © 2024 Richard Nees. All rights reserved.";
				LD_RUNPATH_SEARCH_PATHS = "@executable_path/Frameworks";
				"LD_RUNPATH_SEARCH_PATHS[sdk=macosx*]" = "@executable_path/../Frameworks";
				MARKETING_VERSION = 1.0;
				PRODUCT_BUNDLE_IDENTIFIER = com.richardnees.SwiftUIXPCExample;
				PRODUCT_NAME = "$(TARGET_NAME)";
				SDKROOT = auto;
				SUPPORTED_PLATFORMS = macosx;
				SUPPORTS_MACCATALYST = NO;
				SWIFT_EMIT_LOC_STRINGS = YES;
				SWIFT_VERSION = 5.0;
			};
			name = Debug;
		};
		7979FF562BBDDB9400207A44 /* Release */ = {
			isa = XCBuildConfiguration;
			buildSettings = {
				ASSETCATALOG_COMPILER_APPICON_NAME = AppIcon;
				ASSETCATALOG_COMPILER_GLOBAL_ACCENT_COLOR_NAME = AccentColor;
				CODE_SIGN_ENTITLEMENTS = SwiftUIXPCExample/SwiftUIXPCExample.entitlements;
				CODE_SIGN_STYLE = Automatic;
				CURRENT_PROJECT_VERSION = 1;
				DEVELOPMENT_ASSET_PATHS = "\"SwiftUIXPCExample/Preview Content\"";
				DEVELOPMENT_TEAM = S6PH7FUNVK;
				ENABLE_HARDENED_RUNTIME = YES;
				ENABLE_PREVIEWS = YES;
				GENERATE_INFOPLIST_FILE = YES;
				INFOPLIST_FILE = SwiftUIXPCExample/Info.plist;
				INFOPLIST_KEY_NSHumanReadableCopyright = "Copyright © 2024 Richard Nees. All rights reserved.";
				LD_RUNPATH_SEARCH_PATHS = "@executable_path/Frameworks";
				"LD_RUNPATH_SEARCH_PATHS[sdk=macosx*]" = "@executable_path/../Frameworks";
				MARKETING_VERSION = 1.0;
				PRODUCT_BUNDLE_IDENTIFIER = com.richardnees.SwiftUIXPCExample;
				PRODUCT_NAME = "$(TARGET_NAME)";
				SDKROOT = auto;
				SUPPORTED_PLATFORMS = macosx;
				SUPPORTS_MACCATALYST = NO;
				SWIFT_EMIT_LOC_STRINGS = YES;
				SWIFT_VERSION = 5.0;
			};
			name = Release;
		};
/* End XCBuildConfiguration section */

/* Begin XCConfigurationList section */
		7979FF402BBDDB9300207A44 /* Build configuration list for PBXProject "SwiftUIXPCExample" */ = {
			isa = XCConfigurationList;
			buildConfigurations = (
				7979FF522BBDDB9400207A44 /* Debug */,
				7979FF532BBDDB9400207A44 /* Release */,
			);
			defaultConfigurationIsVisible = 0;
			defaultConfigurationName = Release;
		};
		7979FF542BBDDB9400207A44 /* Build configuration list for PBXNativeTarget "SwiftUIXPCExample" */ = {
			isa = XCConfigurationList;
			buildConfigurations = (
				7979FF552BBDDB9400207A44 /* Debug */,
				7979FF562BBDDB9400207A44 /* Release */,
			);
			defaultConfigurationIsVisible = 0;
			defaultConfigurationName = Release;
		};
/* End XCConfigurationList section */

/* Begin XCSwiftPackageProductDependency section */
		7979FF622BBDE02700207A44 /* XPCSupport */ = {
			isa = XCSwiftPackageProductDependency;
			productName = XPCSupport;
		};
/* End XCSwiftPackageProductDependency section */
	};
	rootObject = 7979FF3D2BBDDB9300207A44 /* Project object */;
}
